
Microsoft Visual Studio Solution File, Format Version 12.00
# Visual Studio 15
VisualStudioVersion = 15.0.28307.1321
MinimumVisualStudioVersion = 10.0.40219.1
Project("{9A19103F-16F7-4668-BE54-9A1E7A4F7556}") = "CampIntro", "ConsoleApp1\CampIntro.csproj", "{F8109633-D748-4830-B15E-DDCF198D9E5E}"
EndProject
Project("{9A19103F-16F7-4668-BE54-9A1E7A4F7556}") = "Loops", "Loops\Loops.csproj", "{6DE1209C-4C0B-476C-AA95-914597A5F63D}"
EndProject
Project("{9A19103F-16F7-4668-BE54-9A1E7A4F7556}") = "ClassIntro", "ClassIntro\ClassIntro.csproj", "{153F280F-6E7A-4072-8447-4F3479861BAA}"
EndProject
Project("{9A19103F-16F7-4668-BE54-9A1E7A4F7556}") = "Maths", "Maths\Maths.csproj", "{A20333C1-F282-4ADA-A5A8-1A70DDA48D58}"
EndProject
Project("{9A19103F-16F7-4668-BE54-9A1E7A4F7556}") = "Methods", "Methods\Methods.csproj", "{1187A0F1-27C1-47A7-8D48-1C921E1B489F}"
EndProject
Project("{9A19103F-16F7-4668-BE54-9A1E7A4F7556}") = "ValueAndReferenceTypes", "ValueAndReferenceTypes\ValueAndReferenceTypes.csproj", "{152DEF8A-103E-4CD5-A9B3-9B7F87281B3A}"
EndProject
Project("{9A19103F-16F7-4668-BE54-9A1E7A4F7556}") = "OOP1", "OOP1\OOP1.csproj", "{442CCCCD-850F-45DD-AC74-262163DD5B5F}"
EndProject
Project("{9A19103F-16F7-4668-BE54-9A1E7A4F7556}") = "Collections", "Collections\Collections.csproj", "{E8DD3A1F-39FB-47CC-9276-819AC4DA43DD}"
EndProject
Project("{9A19103F-16F7-4668-BE54-9A1E7A4F7556}") = "GenericsIntro", "GenericsIntro\GenericsIntro.csproj", "{5C610D58-8594-4935-8A25-FA4C48BC07A5}"
EndProject
Project("{9A19103F-16F7-4668-BE54-9A1E7A4F7556}") = "Dictionary", "Dictionary\Dictionary.csproj", "{DD27F61B-AA7E-495B-AE85-EBE07C5BEB0C}"
EndProject
Project("{FAE04EC0-301F-11D3-BF4B-00C04F79EFBC}") = "OOP2", "OOP2\OOP2.csproj", "{CBC2E430-2269-4C3C-AF6E-EE78CD2CD8DC}"
EndProject
Project("{FAE04EC0-301F-11D3-BF4B-00C04F79EFBC}") = "OOP3", "OOP3\OOP3.csproj", "{DDAC4323-FA02-463E-BC7F-4996192E1381}"
EndProject
Global
	GlobalSection(SolutionConfigurationPlatforms) = preSolution
		Debug|Any CPU = Debug|Any CPU
		Release|Any CPU = Release|Any CPU
	EndGlobalSection
	GlobalSection(ProjectConfigurationPlatforms) = postSolution
		{F8109633-D748-4830-B15E-DDCF198D9E5E}.Debug|Any CPU.ActiveCfg = Debug|Any CPU
		{F8109633-D748-4830-B15E-DDCF198D9E5E}.Debug|Any CPU.Build.0 = Debug|Any CPU
		{F8109633-D748-4830-B15E-DDCF198D9E5E}.Release|Any CPU.ActiveCfg = Release|Any CPU
		{F8109633-D748-4830-B15E-DDCF198D9E5E}.Release|Any CPU.Build.0 = Release|Any CPU
		{6DE1209C-4C0B-476C-AA95-914597A5F63D}.Debug|Any CPU.ActiveCfg = Debug|Any CPU
		{6DE1209C-4C0B-476C-AA95-914597A5F63D}.Debug|Any CPU.Build.0 = Debug|Any CPU
		{6DE1209C-4C0B-476C-AA95-914597A5F63D}.Release|Any CPU.ActiveCfg = Release|Any CPU
		{6DE1209C-4C0B-476C-AA95-914597A5F63D}.Release|Any CPU.Build.0 = Release|Any CPU
		{153F280F-6E7A-4072-8447-4F3479861BAA}.Debug|Any CPU.ActiveCfg = Debug|Any CPU
		{153F280F-6E7A-4072-8447-4F3479861BAA}.Debug|Any CPU.Build.0 = Debug|Any CPU
		{153F280F-6E7A-4072-8447-4F3479861BAA}.Release|Any CPU.ActiveCfg = Release|Any CPU
		{153F280F-6E7A-4072-8447-4F3479861BAA}.Release|Any CPU.Build.0 = Release|Any CPU
		{A20333C1-F282-4ADA-A5A8-1A70DDA48D58}.Debug|Any CPU.ActiveCfg = Debug|Any CPU
		{A20333C1-F282-4ADA-A5A8-1A70DDA48D58}.Debug|Any CPU.Build.0 = Debug|Any CPU
		{A20333C1-F282-4ADA-A5A8-1A70DDA48D58}.Release|Any CPU.ActiveCfg = Release|Any CPU
		{A20333C1-F282-4ADA-A5A8-1A70DDA48D58}.Release|Any CPU.Build.0 = Release|Any CPU
		{1187A0F1-27C1-47A7-8D48-1C921E1B489F}.Debug|Any CPU.ActiveCfg = Debug|Any CPU
		{1187A0F1-27C1-47A7-8D48-1C921E1B489F}.Debug|Any CPU.Build.0 = Debug|Any CPU
		{1187A0F1-27C1-47A7-8D48-1C921E1B489F}.Release|Any CPU.ActiveCfg = Release|Any CPU
		{1187A0F1-27C1-47A7-8D48-1C921E1B489F}.Release|Any CPU.Build.0 = Release|Any CPU
		{152DEF8A-103E-4CD5-A9B3-9B7F87281B3A}.Debug|Any CPU.ActiveCfg = Debug|Any CPU
		{152DEF8A-103E-4CD5-A9B3-9B7F87281B3A}.Debug|Any CPU.Build.0 = Debug|Any CPU
		{152DEF8A-103E-4CD5-A9B3-9B7F87281B3A}.Release|Any CPU.ActiveCfg = Release|Any CPU
		{152DEF8A-103E-4CD5-A9B3-9B7F87281B3A}.Release|Any CPU.Build.0 = Release|Any CPU
		{442CCCCD-850F-45DD-AC74-262163DD5B5F}.Debug|Any CPU.ActiveCfg = Debug|Any CPU
		{442CCCCD-850F-45DD-AC74-262163DD5B5F}.Debug|Any CPU.Build.0 = Debug|Any CPU
		{442CCCCD-850F-45DD-AC74-262163DD5B5F}.Release|Any CPU.ActiveCfg = Release|Any CPU
		{442CCCCD-850F-45DD-AC74-262163DD5B5F}.Release|Any CPU.Build.0 = Release|Any CPU
		{E8DD3A1F-39FB-47CC-9276-819AC4DA43DD}.Debug|Any CPU.ActiveCfg = Debug|Any CPU
		{E8DD3A1F-39FB-47CC-9276-819AC4DA43DD}.Debug|Any CPU.Build.0 = Debug|Any CPU
		{E8DD3A1F-39FB-47CC-9276-819AC4DA43DD}.Release|Any CPU.ActiveCfg = Release|Any CPU
		{E8DD3A1F-39FB-47CC-9276-819AC4DA43DD}.Release|Any CPU.Build.0 = Release|Any CPU
		{5C610D58-8594-4935-8A25-FA4C48BC07A5}.Debug|Any CPU.ActiveCfg = Debug|Any CPU
		{5C610D58-8594-4935-8A25-FA4C48BC07A5}.Debug|Any CPU.Build.0 = Debug|Any CPU
		{5C610D58-8594-4935-8A25-FA4C48BC07A5}.Release|Any CPU.ActiveCfg = Release|Any CPU
		{5C610D58-8594-4935-8A25-FA4C48BC07A5}.Release|Any CPU.Build.0 = Release|Any CPU
		{DD27F61B-AA7E-495B-AE85-EBE07C5BEB0C}.Debug|Any CPU.ActiveCfg = Debug|Any CPU
		{DD27F61B-AA7E-495B-AE85-EBE07C5BEB0C}.Debug|Any CPU.Build.0 = Debug|Any CPU
		{DD27F61B-AA7E-495B-AE85-EBE07C5BEB0C}.Release|Any CPU.ActiveCfg = Release|Any CPU
		{DD27F61B-AA7E-495B-AE85-EBE07C5BEB0C}.Release|Any CPU.Build.0 = Release|Any CPU
		{CBC2E430-2269-4C3C-AF6E-EE78CD2CD8DC}.Debug|Any CPU.ActiveCfg = Debug|Any CPU
		{CBC2E430-2269-4C3C-AF6E-EE78CD2CD8DC}.Debug|Any CPU.Build.0 = Debug|Any CPU
		{CBC2E430-2269-4C3C-AF6E-EE78CD2CD8DC}.Release|Any CPU.ActiveCfg = Release|Any CPU
		{CBC2E430-2269-4C3C-AF6E-EE78CD2CD8DC}.Release|Any CPU.Build.0 = Release|Any CPU
		{DDAC4323-FA02-463E-BC7F-4996192E1381}.Debug|Any CPU.ActiveCfg = Debug|Any CPU
		{DDAC4323-FA02-463E-BC7F-4996192E1381}.Debug|Any CPU.Build.0 = Debug|Any CPU
		{DDAC4323-FA02-463E-BC7F-4996192E1381}.Release|Any CPU.ActiveCfg = Release|Any CPU
		{DDAC4323-FA02-463E-BC7F-4996192E1381}.Release|Any CPU.Build.0 = Release|Any CPU
	EndGlobalSection
	GlobalSection(SolutionProperties) = preSolution
		HideSolutionNode = FALSE
	EndGlobalSection
	GlobalSection(ExtensibilityGlobals) = postSolution
		SolutionGuid = {A6DBF321-F991-4050-980A-A9A37E0060B0}
	EndGlobalSection
EndGlobal
